// !$*UTF8*$!
{
	archiveVersion = 1;
	classes = {
	};
	objectVersion = 51;
	objects = {

/* Begin PBXBuildFile section */
		3F9ACB55C8D9D6B842D069A7 /* Pods_TuneCast.framework in Frameworks */ = {isa = PBXBuildFile; fileRef = 2D9125303171D2E2285CDBE3 /* Pods_TuneCast.framework */; };
		5364452E238A5F0A00DCC5ED /* SongQueueTableViewController.swift in Sources */ = {isa = PBXBuildFile; fileRef = 5364452D238A5F0A00DCC5ED /* SongQueueTableViewController.swift */; };
		C302EFC023273B6A004BB429 /* AppDelegate.swift in Sources */ = {isa = PBXBuildFile; fileRef = C302EFBF23273B6A004BB429 /* AppDelegate.swift */; };
		C302EFC223273B6A004BB429 /* ViewController.swift in Sources */ = {isa = PBXBuildFile; fileRef = C302EFC123273B6A004BB429 /* ViewController.swift */; };
		C302EFC523273B6A004BB429 /* Main.storyboard in Resources */ = {isa = PBXBuildFile; fileRef = C302EFC323273B6A004BB429 /* Main.storyboard */; };
		C302EFC823273B6A004BB429 /* TuneCast.xcdatamodeld in Sources */ = {isa = PBXBuildFile; fileRef = C302EFC623273B6A004BB429 /* TuneCast.xcdatamodeld */; };
		C302EFCA23273B6B004BB429 /* Assets.xcassets in Resources */ = {isa = PBXBuildFile; fileRef = C302EFC923273B6B004BB429 /* Assets.xcassets */; };
		C302EFCD23273B6B004BB429 /* LaunchScreen.storyboard in Resources */ = {isa = PBXBuildFile; fileRef = C302EFCB23273B6B004BB429 /* LaunchScreen.storyboard */; };
		C302EFD823273B6B004BB429 /* TuneCastTests.swift in Sources */ = {isa = PBXBuildFile; fileRef = C302EFD723273B6B004BB429 /* TuneCastTests.swift */; };
		C302EFE323273B6B004BB429 /* TuneCastUITests.swift in Sources */ = {isa = PBXBuildFile; fileRef = C302EFE223273B6B004BB429 /* TuneCastUITests.swift */; };
		C325158D235D0F5D00FA683D /* signInViewController.swift in Sources */ = {isa = PBXBuildFile; fileRef = C325158C235D0F5D00FA683D /* signInViewController.swift */; };
		C325158F235D0F7300FA683D /* signUpViewController.swift in Sources */ = {isa = PBXBuildFile; fileRef = C325158E235D0F7300FA683D /* signUpViewController.swift */; };
		C3251591235D0F9300FA683D /* homePageViewController.swift in Sources */ = {isa = PBXBuildFile; fileRef = C3251590235D0F9300FA683D /* homePageViewController.swift */; };
		C35DB1C1238A75AA00029608 /* SpotifyiOS.framework in Frameworks */ = {isa = PBXBuildFile; fileRef = C35DB1C0238A75AA00029608 /* SpotifyiOS.framework */; };
		C35DB1C3238A764700029608 /* AVFoundation.framework in Frameworks */ = {isa = PBXBuildFile; fileRef = C35DB1C2238A764700029608 /* AVFoundation.framework */; };
		C35DB1C8238A778200029608 /* SongPlayerSideController.swift in Sources */ = {isa = PBXBuildFile; fileRef = C35DB1C7238A778200029608 /* SongPlayerSideController.swift */; };
		C35DB1CA238A77C700029608 /* SongPlayerViewController.swift in Sources */ = {isa = PBXBuildFile; fileRef = C35DB1C9238A77C700029608 /* SongPlayerViewController.swift */; };
		C363DF132362B8EF0037E91D /* GoogleService-Info.plist in Resources */ = {isa = PBXBuildFile; fileRef = C363DF122362B8EF0037E91D /* GoogleService-Info.plist */; };
		C363DF152362E0910037E91D /* settingsViewController.swift in Sources */ = {isa = PBXBuildFile; fileRef = C363DF142362E0910037E91D /* settingsViewController.swift */; };
		C363DF172362E1210037E91D /* global.swift in Sources */ = {isa = PBXBuildFile; fileRef = C363DF162362E1210037E91D /* global.swift */; };
		C379EB0623864DE4004CA4F1 /* connectToADeviceViewController.swift in Sources */ = {isa = PBXBuildFile; fileRef = C379EB0523864DE4004CA4F1 /* connectToADeviceViewController.swift */; };
		C379EB0823864FB1004CA4F1 /* primaryModeViewController.swift in Sources */ = {isa = PBXBuildFile; fileRef = C379EB0723864FB1004CA4F1 /* primaryModeViewController.swift */; };
		C3A5F88B237B40EB004C2C08 /* accountsViewController.swift in Sources */ = {isa = PBXBuildFile; fileRef = C3A5F88A237B40EB004C2C08 /* accountsViewController.swift */; };
/* End PBXBuildFile section */

/* Begin PBXContainerItemProxy section */
		C302EFD423273B6B004BB429 /* PBXContainerItemProxy */ = {
			isa = PBXContainerItemProxy;
			containerPortal = C302EFB423273B6A004BB429 /* Project object */;
			proxyType = 1;
			remoteGlobalIDString = C302EFBB23273B6A004BB429;
			remoteInfo = TuneCast;
		};
		C302EFDF23273B6B004BB429 /* PBXContainerItemProxy */ = {
			isa = PBXContainerItemProxy;
			containerPortal = C302EFB423273B6A004BB429 /* Project object */;
			proxyType = 1;
			remoteGlobalIDString = C302EFBB23273B6A004BB429;
			remoteInfo = TuneCast;
		};
/* End PBXContainerItemProxy section */

/* Begin PBXFileReference section */
		2118EF06B80CB126D147E6D1 /* Pods-TuneCast.debug.xcconfig */ = {isa = PBXFileReference; includeInIndex = 1; lastKnownFileType = text.xcconfig; name = "Pods-TuneCast.debug.xcconfig"; path = "Target Support Files/Pods-TuneCast/Pods-TuneCast.debug.xcconfig"; sourceTree = "<group>"; };
		287C4D3EAE760BB4E5D3FCEF /* Pods-TuneCast.release.xcconfig */ = {isa = PBXFileReference; includeInIndex = 1; lastKnownFileType = text.xcconfig; name = "Pods-TuneCast.release.xcconfig"; path = "Target Support Files/Pods-TuneCast/Pods-TuneCast.release.xcconfig"; sourceTree = "<group>"; };
		2D9125303171D2E2285CDBE3 /* Pods_TuneCast.framework */ = {isa = PBXFileReference; explicitFileType = wrapper.framework; includeInIndex = 0; path = Pods_TuneCast.framework; sourceTree = BUILT_PRODUCTS_DIR; };
		5364452D238A5F0A00DCC5ED /* SongQueueTableViewController.swift */ = {isa = PBXFileReference; lastKnownFileType = sourcecode.swift; path = SongQueueTableViewController.swift; sourceTree = "<group>"; };
		C302EFBC23273B6A004BB429 /* TuneCast.app */ = {isa = PBXFileReference; explicitFileType = wrapper.application; includeInIndex = 0; path = TuneCast.app; sourceTree = BUILT_PRODUCTS_DIR; };
		C302EFBF23273B6A004BB429 /* AppDelegate.swift */ = {isa = PBXFileReference; lastKnownFileType = sourcecode.swift; path = AppDelegate.swift; sourceTree = "<group>"; };
		C302EFC123273B6A004BB429 /* ViewController.swift */ = {isa = PBXFileReference; lastKnownFileType = sourcecode.swift; path = ViewController.swift; sourceTree = "<group>"; };
		C302EFC423273B6A004BB429 /* Base */ = {isa = PBXFileReference; lastKnownFileType = file.storyboard; name = Base; path = Base.lproj/Main.storyboard; sourceTree = "<group>"; };
		C302EFC723273B6A004BB429 /* TuneCast.xcdatamodel */ = {isa = PBXFileReference; lastKnownFileType = wrapper.xcdatamodel; path = TuneCast.xcdatamodel; sourceTree = "<group>"; };
		C302EFC923273B6B004BB429 /* Assets.xcassets */ = {isa = PBXFileReference; lastKnownFileType = folder.assetcatalog; path = Assets.xcassets; sourceTree = "<group>"; };
		C302EFCC23273B6B004BB429 /* Base */ = {isa = PBXFileReference; lastKnownFileType = file.storyboard; name = Base; path = Base.lproj/LaunchScreen.storyboard; sourceTree = "<group>"; };
		C302EFCE23273B6B004BB429 /* Info.plist */ = {isa = PBXFileReference; lastKnownFileType = text.plist.xml; path = Info.plist; sourceTree = "<group>"; };
		C302EFD323273B6B004BB429 /* TuneCastTests.xctest */ = {isa = PBXFileReference; explicitFileType = wrapper.cfbundle; includeInIndex = 0; path = TuneCastTests.xctest; sourceTree = BUILT_PRODUCTS_DIR; };
		C302EFD723273B6B004BB429 /* TuneCastTests.swift */ = {isa = PBXFileReference; lastKnownFileType = sourcecode.swift; path = TuneCastTests.swift; sourceTree = "<group>"; };
		C302EFD923273B6B004BB429 /* Info.plist */ = {isa = PBXFileReference; lastKnownFileType = text.plist.xml; path = Info.plist; sourceTree = "<group>"; };
		C302EFDE23273B6B004BB429 /* TuneCastUITests.xctest */ = {isa = PBXFileReference; explicitFileType = wrapper.cfbundle; includeInIndex = 0; path = TuneCastUITests.xctest; sourceTree = BUILT_PRODUCTS_DIR; };
		C302EFE223273B6B004BB429 /* TuneCastUITests.swift */ = {isa = PBXFileReference; lastKnownFileType = sourcecode.swift; path = TuneCastUITests.swift; sourceTree = "<group>"; };
		C302EFE423273B6B004BB429 /* Info.plist */ = {isa = PBXFileReference; lastKnownFileType = text.plist.xml; path = Info.plist; sourceTree = "<group>"; };
		C325158C235D0F5D00FA683D /* signInViewController.swift */ = {isa = PBXFileReference; lastKnownFileType = sourcecode.swift; path = signInViewController.swift; sourceTree = "<group>"; };
		C325158E235D0F7300FA683D /* signUpViewController.swift */ = {isa = PBXFileReference; lastKnownFileType = sourcecode.swift; path = signUpViewController.swift; sourceTree = "<group>"; };
		C3251590235D0F9300FA683D /* homePageViewController.swift */ = {isa = PBXFileReference; lastKnownFileType = sourcecode.swift; path = homePageViewController.swift; sourceTree = "<group>"; };
		C35DB1C0238A75AA00029608 /* SpotifyiOS.framework */ = {isa = PBXFileReference; lastKnownFileType = wrapper.framework; name = SpotifyiOS.framework; path = "../ios-sdk-1.2.0/SpotifyiOS.framework"; sourceTree = "<group>"; };
		C35DB1C2238A764700029608 /* AVFoundation.framework */ = {isa = PBXFileReference; lastKnownFileType = wrapper.framework; name = AVFoundation.framework; path = System/Library/Frameworks/AVFoundation.framework; sourceTree = SDKROOT; };
		C35DB1C4238A767600029608 /* TuneCast-Bridging-Header.h */ = {isa = PBXFileReference; lastKnownFileType = sourcecode.c.h; path = "TuneCast-Bridging-Header.h"; sourceTree = "<group>"; };
		C35DB1C7238A778200029608 /* SongPlayerSideController.swift */ = {isa = PBXFileReference; lastKnownFileType = sourcecode.swift; path = SongPlayerSideController.swift; sourceTree = "<group>"; };
		C35DB1C9238A77C700029608 /* SongPlayerViewController.swift */ = {isa = PBXFileReference; lastKnownFileType = sourcecode.swift; path = SongPlayerViewController.swift; sourceTree = "<group>"; };
		C363DF122362B8EF0037E91D /* GoogleService-Info.plist */ = {isa = PBXFileReference; fileEncoding = 4; lastKnownFileType = text.plist.xml; path = "GoogleService-Info.plist"; sourceTree = "<group>"; };
		C363DF142362E0910037E91D /* settingsViewController.swift */ = {isa = PBXFileReference; lastKnownFileType = sourcecode.swift; path = settingsViewController.swift; sourceTree = "<group>"; };
		C363DF162362E1210037E91D /* global.swift */ = {isa = PBXFileReference; lastKnownFileType = sourcecode.swift; path = global.swift; sourceTree = "<group>"; };
		C379EB0523864DE4004CA4F1 /* connectToADeviceViewController.swift */ = {isa = PBXFileReference; lastKnownFileType = sourcecode.swift; path = connectToADeviceViewController.swift; sourceTree = "<group>"; };
		C379EB0723864FB1004CA4F1 /* primaryModeViewController.swift */ = {isa = PBXFileReference; lastKnownFileType = sourcecode.swift; path = primaryModeViewController.swift; sourceTree = "<group>"; };
		C3A5F88A237B40EB004C2C08 /* accountsViewController.swift */ = {isa = PBXFileReference; lastKnownFileType = sourcecode.swift; path = accountsViewController.swift; sourceTree = "<group>"; };
/* End PBXFileReference section */

/* Begin PBXFrameworksBuildPhase section */
		C302EFB923273B6A004BB429 /* Frameworks */ = {
			isa = PBXFrameworksBuildPhase;
			buildActionMask = 2147483647;
			files = (
				3F9ACB55C8D9D6B842D069A7 /* Pods_TuneCast.framework in Frameworks */,
				C35DB1C1238A75AA00029608 /* SpotifyiOS.framework in Frameworks */,
				C35DB1C3238A764700029608 /* AVFoundation.framework in Frameworks */,
			);
			runOnlyForDeploymentPostprocessing = 0;
		};
		C302EFD023273B6B004BB429 /* Frameworks */ = {
			isa = PBXFrameworksBuildPhase;
			buildActionMask = 2147483647;
			files = (
			);
			runOnlyForDeploymentPostprocessing = 0;
		};
		C302EFDB23273B6B004BB429 /* Frameworks */ = {
			isa = PBXFrameworksBuildPhase;
			buildActionMask = 2147483647;
			files = (
			);
			runOnlyForDeploymentPostprocessing = 0;
		};
/* End PBXFrameworksBuildPhase section */

/* Begin PBXGroup section */
		8EF4B3FA876B9E4D892B47DF /* Pods */ = {
			isa = PBXGroup;
			children = (
				2118EF06B80CB126D147E6D1 /* Pods-TuneCast.debug.xcconfig */,
				287C4D3EAE760BB4E5D3FCEF /* Pods-TuneCast.release.xcconfig */,
			);
			path = Pods;
			sourceTree = "<group>";
		};
		C302EFB323273B6A004BB429 = {
			isa = PBXGroup;
			children = (
				C35DB1C0238A75AA00029608 /* SpotifyiOS.framework */,
				C302EFBE23273B6A004BB429 /* TuneCast */,
				C302EFD623273B6B004BB429 /* TuneCastTests */,
				C302EFE123273B6B004BB429 /* TuneCastUITests */,
				C302EFBD23273B6A004BB429 /* Products */,
				8EF4B3FA876B9E4D892B47DF /* Pods */,
				CA0F0F960F9597CABA78CDEF /* Frameworks */,
			);
			sourceTree = "<group>";
		};
		C302EFBD23273B6A004BB429 /* Products */ = {
			isa = PBXGroup;
			children = (
				C302EFBC23273B6A004BB429 /* TuneCast.app */,
				C302EFD323273B6B004BB429 /* TuneCastTests.xctest */,
				C302EFDE23273B6B004BB429 /* TuneCastUITests.xctest */,
			);
			name = Products;
			sourceTree = "<group>";
		};
		C302EFBE23273B6A004BB429 /* TuneCast */ = {
			isa = PBXGroup;
			children = (
				C302EFBF23273B6A004BB429 /* AppDelegate.swift */,
				C302EFC123273B6A004BB429 /* ViewController.swift */,
				C302EFC323273B6A004BB429 /* Main.storyboard */,
				C35DB1C9238A77C700029608 /* SongPlayerViewController.swift */,
				C35DB1C7238A778200029608 /* SongPlayerSideController.swift */,
				5364452D238A5F0A00DCC5ED /* SongQueueTableViewController.swift */,
				C379EB0723864FB1004CA4F1 /* primaryModeViewController.swift */,
				C363DF142362E0910037E91D /* settingsViewController.swift */,
				C325158C235D0F5D00FA683D /* signInViewController.swift */,
				C325158E235D0F7300FA683D /* signUpViewController.swift */,
				C3251590235D0F9300FA683D /* homePageViewController.swift */,
				C363DF162362E1210037E91D /* global.swift */,
				C3A5F88A237B40EB004C2C08 /* accountsViewController.swift */,
				C379EB0523864DE4004CA4F1 /* connectToADeviceViewController.swift */,
				C302EFC923273B6B004BB429 /* Assets.xcassets */,
				C302EFCB23273B6B004BB429 /* LaunchScreen.storyboard */,
				C302EFCE23273B6B004BB429 /* Info.plist */,
				C363DF122362B8EF0037E91D /* GoogleService-Info.plist */,
				C302EFC623273B6A004BB429 /* TuneCast.xcdatamodeld */,
				C35DB1C4238A767600029608 /* TuneCast-Bridging-Header.h */,
			);
			path = TuneCast;
			sourceTree = "<group>";
		};
		C302EFD623273B6B004BB429 /* TuneCastTests */ = {
			isa = PBXGroup;
			children = (
				C302EFD723273B6B004BB429 /* TuneCastTests.swift */,
				C302EFD923273B6B004BB429 /* Info.plist */,
			);
			path = TuneCastTests;
			sourceTree = "<group>";
		};
		C302EFE123273B6B004BB429 /* TuneCastUITests */ = {
			isa = PBXGroup;
			children = (
				C302EFE223273B6B004BB429 /* TuneCastUITests.swift */,
				C302EFE423273B6B004BB429 /* Info.plist */,
			);
			path = TuneCastUITests;
			sourceTree = "<group>";
		};
		CA0F0F960F9597CABA78CDEF /* Frameworks */ = {
			isa = PBXGroup;
			children = (
				C35DB1C2238A764700029608 /* AVFoundation.framework */,
				2D9125303171D2E2285CDBE3 /* Pods_TuneCast.framework */,
			);
			name = Frameworks;
			sourceTree = "<group>";
		};
/* End PBXGroup section */

/* Begin PBXNativeTarget section */
		C302EFBB23273B6A004BB429 /* TuneCast */ = {
			isa = PBXNativeTarget;
			buildConfigurationList = C302EFE723273B6B004BB429 /* Build configuration list for PBXNativeTarget "TuneCast" */;
			buildPhases = (
				D2812ED1D6E72C46119ECF49 /* [CP] Check Pods Manifest.lock */,
				C302EFB823273B6A004BB429 /* Sources */,
				C302EFB923273B6A004BB429 /* Frameworks */,
				C302EFBA23273B6A004BB429 /* Resources */,
				1237DD0D141879C5ED248098 /* [CP] Embed Pods Frameworks */,
				18A13437B397E3CD6B51E5AF /* [CP] Copy Pods Resources */,
			);
			buildRules = (
			);
			dependencies = (
			);
			name = TuneCast;
			productName = TuneCast;
			productReference = C302EFBC23273B6A004BB429 /* TuneCast.app */;
			productType = "com.apple.product-type.application";
		};
		C302EFD223273B6B004BB429 /* TuneCastTests */ = {
			isa = PBXNativeTarget;
			buildConfigurationList = C302EFEA23273B6B004BB429 /* Build configuration list for PBXNativeTarget "TuneCastTests" */;
			buildPhases = (
				C302EFCF23273B6B004BB429 /* Sources */,
				C302EFD023273B6B004BB429 /* Frameworks */,
				C302EFD123273B6B004BB429 /* Resources */,
			);
			buildRules = (
			);
			dependencies = (
				C302EFD523273B6B004BB429 /* PBXTargetDependency */,
			);
			name = TuneCastTests;
			productName = TuneCastTests;
			productReference = C302EFD323273B6B004BB429 /* TuneCastTests.xctest */;
			productType = "com.apple.product-type.bundle.unit-test";
		};
		C302EFDD23273B6B004BB429 /* TuneCastUITests */ = {
			isa = PBXNativeTarget;
			buildConfigurationList = C302EFED23273B6B004BB429 /* Build configuration list for PBXNativeTarget "TuneCastUITests" */;
			buildPhases = (
				C302EFDA23273B6B004BB429 /* Sources */,
				C302EFDB23273B6B004BB429 /* Frameworks */,
				C302EFDC23273B6B004BB429 /* Resources */,
			);
			buildRules = (
			);
			dependencies = (
				C302EFE023273B6B004BB429 /* PBXTargetDependency */,
			);
			name = TuneCastUITests;
			productName = TuneCastUITests;
			productReference = C302EFDE23273B6B004BB429 /* TuneCastUITests.xctest */;
			productType = "com.apple.product-type.bundle.ui-testing";
		};
/* End PBXNativeTarget section */

/* Begin PBXProject section */
		C302EFB423273B6A004BB429 /* Project object */ = {
			isa = PBXProject;
			attributes = {
				LastSwiftUpdateCheck = 1020;
				LastUpgradeCheck = 1020;
				ORGANIZATIONNAME = "CARFAX Ca";
				TargetAttributes = {
					C302EFBB23273B6A004BB429 = {
						CreatedOnToolsVersion = 10.2.1;
						LastSwiftMigration = 1120;
					};
					C302EFD223273B6B004BB429 = {
						CreatedOnToolsVersion = 10.2.1;
						TestTargetID = C302EFBB23273B6A004BB429;
					};
					C302EFDD23273B6B004BB429 = {
						CreatedOnToolsVersion = 10.2.1;
						TestTargetID = C302EFBB23273B6A004BB429;
					};
				};
			};
			buildConfigurationList = C302EFB723273B6A004BB429 /* Build configuration list for PBXProject "TuneCast" */;
			compatibilityVersion = "Xcode 9.3";
			developmentRegion = en;
			hasScannedForEncodings = 0;
			knownRegions = (
				en,
				Base,
			);
			mainGroup = C302EFB323273B6A004BB429;
			productRefGroup = C302EFBD23273B6A004BB429 /* Products */;
			projectDirPath = "";
			projectRoot = "";
			targets = (
				C302EFBB23273B6A004BB429 /* TuneCast */,
				C302EFD223273B6B004BB429 /* TuneCastTests */,
				C302EFDD23273B6B004BB429 /* TuneCastUITests */,
			);
		};
/* End PBXProject section */

/* Begin PBXResourcesBuildPhase section */
		C302EFBA23273B6A004BB429 /* Resources */ = {
			isa = PBXResourcesBuildPhase;
			buildActionMask = 2147483647;
			files = (
				C302EFCD23273B6B004BB429 /* LaunchScreen.storyboard in Resources */,
				C363DF132362B8EF0037E91D /* GoogleService-Info.plist in Resources */,
				C302EFCA23273B6B004BB429 /* Assets.xcassets in Resources */,
				C302EFC523273B6A004BB429 /* Main.storyboard in Resources */,
			);
			runOnlyForDeploymentPostprocessing = 0;
		};
		C302EFD123273B6B004BB429 /* Resources */ = {
			isa = PBXResourcesBuildPhase;
			buildActionMask = 2147483647;
			files = (
			);
			runOnlyForDeploymentPostprocessing = 0;
		};
		C302EFDC23273B6B004BB429 /* Resources */ = {
			isa = PBXResourcesBuildPhase;
			buildActionMask = 2147483647;
			files = (
			);
			runOnlyForDeploymentPostprocessing = 0;
		};
/* End PBXResourcesBuildPhase section */

/* Begin PBXShellScriptBuildPhase section */
		1237DD0D141879C5ED248098 /* [CP] Embed Pods Frameworks */ = {
			isa = PBXShellScriptBuildPhase;
			buildActionMask = 2147483647;
			files = (
			);
			inputFileListPaths = (
				"${PODS_ROOT}/Target Support Files/Pods-TuneCast/Pods-TuneCast-frameworks-${CONFIGURATION}-input-files.xcfilelist",
			);
			name = "[CP] Embed Pods Frameworks";
			outputFileListPaths = (
				"${PODS_ROOT}/Target Support Files/Pods-TuneCast/Pods-TuneCast-frameworks-${CONFIGURATION}-output-files.xcfilelist",
			);
			runOnlyForDeploymentPostprocessing = 0;
			shellPath = /bin/sh;
			shellScript = "\"${PODS_ROOT}/Target Support Files/Pods-TuneCast/Pods-TuneCast-frameworks.sh\"\n";
			showEnvVarsInLog = 0;
		};
		18A13437B397E3CD6B51E5AF /* [CP] Copy Pods Resources */ = {
			isa = PBXShellScriptBuildPhase;
			buildActionMask = 2147483647;
			files = (
			);
			inputFileListPaths = (
				"${PODS_ROOT}/Target Support Files/Pods-TuneCast/Pods-TuneCast-resources-${CONFIGURATION}-input-files.xcfilelist",
			);
			name = "[CP] Copy Pods Resources";
			outputFileListPaths = (
				"${PODS_ROOT}/Target Support Files/Pods-TuneCast/Pods-TuneCast-resources-${CONFIGURATION}-output-files.xcfilelist",
			);
			runOnlyForDeploymentPostprocessing = 0;
			shellPath = /bin/sh;
			shellScript = "\"${PODS_ROOT}/Target Support Files/Pods-TuneCast/Pods-TuneCast-resources.sh\"\n";
			showEnvVarsInLog = 0;
		};
		D2812ED1D6E72C46119ECF49 /* [CP] Check Pods Manifest.lock */ = {
			isa = PBXShellScriptBuildPhase;
			buildActionMask = 2147483647;
			files = (
			);
			inputFileListPaths = (
			);
			inputPaths = (
				"${PODS_PODFILE_DIR_PATH}/Podfile.lock",
				"${PODS_ROOT}/Manifest.lock",
			);
			name = "[CP] Check Pods Manifest.lock";
			outputFileListPaths = (
			);
			outputPaths = (
				"$(DERIVED_FILE_DIR)/Pods-TuneCast-checkManifestLockResult.txt",
			);
			runOnlyForDeploymentPostprocessing = 0;
			shellPath = /bin/sh;
			shellScript = "diff \"${PODS_PODFILE_DIR_PATH}/Podfile.lock\" \"${PODS_ROOT}/Manifest.lock\" > /dev/null\nif [ $? != 0 ] ; then\n    # print error to STDERR\n    echo \"error: The sandbox is not in sync with the Podfile.lock. Run 'pod install' or update your CocoaPods installation.\" >&2\n    exit 1\nfi\n# This output is used by Xcode 'outputs' to avoid re-running this script phase.\necho \"SUCCESS\" > \"${SCRIPT_OUTPUT_FILE_0}\"\n";
			showEnvVarsInLog = 0;
		};
/* End PBXShellScriptBuildPhase section */

/* Begin PBXSourcesBuildPhase section */
		C302EFB823273B6A004BB429 /* Sources */ = {
			isa = PBXSourcesBuildPhase;
			buildActionMask = 2147483647;
			files = (
				5364452E238A5F0A00DCC5ED /* SongQueueTableViewController.swift in Sources */,
				C363DF172362E1210037E91D /* global.swift in Sources */,
				C35DB1C8238A778200029608 /* SongPlayerSideController.swift in Sources */,
				C3251591235D0F9300FA683D /* homePageViewController.swift in Sources */,
				C325158F235D0F7300FA683D /* signUpViewController.swift in Sources */,
				C325158D235D0F5D00FA683D /* signInViewController.swift in Sources */,
				C379EB0823864FB1004CA4F1 /* primaryModeViewController.swift in Sources */,
				C302EFC223273B6A004BB429 /* ViewController.swift in Sources */,
				C35DB1CA238A77C700029608 /* SongPlayerViewController.swift in Sources */,
				C302EFC023273B6A004BB429 /* AppDelegate.swift in Sources */,
				C302EFC823273B6A004BB429 /* TuneCast.xcdatamodeld in Sources */,
				C363DF152362E0910037E91D /* settingsViewController.swift in Sources */,
				C379EB0623864DE4004CA4F1 /* connectToADeviceViewController.swift in Sources */,
				C3A5F88B237B40EB004C2C08 /* accountsViewController.swift in Sources */,
			);
			runOnlyForDeploymentPostprocessing = 0;
		};
		C302EFCF23273B6B004BB429 /* Sources */ = {
			isa = PBXSourcesBuildPhase;
			buildActionMask = 2147483647;
			files = (
				C302EFD823273B6B004BB429 /* TuneCastTests.swift in Sources */,
			);
			runOnlyForDeploymentPostprocessing = 0;
		};
		C302EFDA23273B6B004BB429 /* Sources */ = {
			isa = PBXSourcesBuildPhase;
			buildActionMask = 2147483647;
			files = (
				C302EFE323273B6B004BB429 /* TuneCastUITests.swift in Sources */,
			);
			runOnlyForDeploymentPostprocessing = 0;
		};
/* End PBXSourcesBuildPhase section */

/* Begin PBXTargetDependency section */
		C302EFD523273B6B004BB429 /* PBXTargetDependency */ = {
			isa = PBXTargetDependency;
			target = C302EFBB23273B6A004BB429 /* TuneCast */;
			targetProxy = C302EFD423273B6B004BB429 /* PBXContainerItemProxy */;
		};
		C302EFE023273B6B004BB429 /* PBXTargetDependency */ = {
			isa = PBXTargetDependency;
			target = C302EFBB23273B6A004BB429 /* TuneCast */;
			targetProxy = C302EFDF23273B6B004BB429 /* PBXContainerItemProxy */;
		};
/* End PBXTargetDependency section */

/* Begin PBXVariantGroup section */
		C302EFC323273B6A004BB429 /* Main.storyboard */ = {
			isa = PBXVariantGroup;
			children = (
				C302EFC423273B6A004BB429 /* Base */,
			);
			name = Main.storyboard;
			sourceTree = "<group>";
		};
		C302EFCB23273B6B004BB429 /* LaunchScreen.storyboard */ = {
			isa = PBXVariantGroup;
			children = (
				C302EFCC23273B6B004BB429 /* Base */,
			);
			name = LaunchScreen.storyboard;
			sourceTree = "<group>";
		};
/* End PBXVariantGroup section */

/* Begin XCBuildConfiguration section */
		C302EFE523273B6B004BB429 /* Debug */ = {
			isa = XCBuildConfiguration;
			buildSettings = {
				ALWAYS_SEARCH_USER_PATHS = NO;
				CLANG_ANALYZER_NONNULL = YES;
				CLANG_ANALYZER_NUMBER_OBJECT_CONVERSION = YES_AGGRESSIVE;
				CLANG_CXX_LANGUAGE_STANDARD = "gnu++14";
				CLANG_CXX_LIBRARY = "libc++";
				CLANG_ENABLE_MODULES = YES;
				CLANG_ENABLE_OBJC_ARC = YES;
				CLANG_ENABLE_OBJC_WEAK = YES;
				CLANG_WARN_BLOCK_CAPTURE_AUTORELEASING = YES;
				CLANG_WARN_BOOL_CONVERSION = YES;
				CLANG_WARN_COMMA = YES;
				CLANG_WARN_CONSTANT_CONVERSION = YES;
				CLANG_WARN_DEPRECATED_OBJC_IMPLEMENTATIONS = YES;
				CLANG_WARN_DIRECT_OBJC_ISA_USAGE = YES_ERROR;
				CLANG_WARN_DOCUMENTATION_COMMENTS = YES;
				CLANG_WARN_EMPTY_BODY = YES;
				CLANG_WARN_ENUM_CONVERSION = YES;
				CLANG_WARN_INFINITE_RECURSION = YES;
				CLANG_WARN_INT_CONVERSION = YES;
				CLANG_WARN_NON_LITERAL_NULL_CONVERSION = YES;
				CLANG_WARN_OBJC_IMPLICIT_RETAIN_SELF = YES;
				CLANG_WARN_OBJC_LITERAL_CONVERSION = YES;
				CLANG_WARN_OBJC_ROOT_CLASS = YES_ERROR;
				CLANG_WARN_RANGE_LOOP_ANALYSIS = YES;
				CLANG_WARN_STRICT_PROTOTYPES = YES;
				CLANG_WARN_SUSPICIOUS_MOVE = YES;
				CLANG_WARN_UNGUARDED_AVAILABILITY = YES_AGGRESSIVE;
				CLANG_WARN_UNREACHABLE_CODE = YES;
				CLANG_WARN__DUPLICATE_METHOD_MATCH = YES;
				CODE_SIGN_IDENTITY = "iPhone Developer";
				COPY_PHASE_STRIP = NO;
				DEBUG_INFORMATION_FORMAT = dwarf;
				ENABLE_STRICT_OBJC_MSGSEND = YES;
				ENABLE_TESTABILITY = YES;
				GCC_C_LANGUAGE_STANDARD = gnu11;
				GCC_DYNAMIC_NO_PIC = NO;
				GCC_NO_COMMON_BLOCKS = YES;
				GCC_OPTIMIZATION_LEVEL = 0;
				GCC_PREPROCESSOR_DEFINITIONS = (
					"DEBUG=1",
					"$(inherited)",
				);
				GCC_WARN_64_TO_32_BIT_CONVERSION = YES;
				GCC_WARN_ABOUT_RETURN_TYPE = YES_ERROR;
				GCC_WARN_UNDECLARED_SELECTOR = YES;
				GCC_WARN_UNINITIALIZED_AUTOS = YES_AGGRESSIVE;
				GCC_WARN_UNUSED_FUNCTION = YES;
				GCC_WARN_UNUSED_VARIABLE = YES;
				IPHONEOS_DEPLOYMENT_TARGET = 12.2;
				MTL_ENABLE_DEBUG_INFO = INCLUDE_SOURCE;
				MTL_FAST_MATH = YES;
				ONLY_ACTIVE_ARCH = YES;
				SDKROOT = iphoneos;
				SWIFT_ACTIVE_COMPILATION_CONDITIONS = DEBUG;
				SWIFT_OPTIMIZATION_LEVEL = "-Onone";
			};
			name = Debug;
		};
		C302EFE623273B6B004BB429 /* Release */ = {
			isa = XCBuildConfiguration;
			buildSettings = {
				ALWAYS_SEARCH_USER_PATHS = NO;
				CLANG_ANALYZER_NONNULL = YES;
				CLANG_ANALYZER_NUMBER_OBJECT_CONVERSION = YES_AGGRESSIVE;
				CLANG_CXX_LANGUAGE_STANDARD = "gnu++14";
				CLANG_CXX_LIBRARY = "libc++";
				CLANG_ENABLE_MODULES = YES;
				CLANG_ENABLE_OBJC_ARC = YES;
				CLANG_ENABLE_OBJC_WEAK = YES;
				CLANG_WARN_BLOCK_CAPTURE_AUTORELEASING = YES;
				CLANG_WARN_BOOL_CONVERSION = YES;
				CLANG_WARN_COMMA = YES;
				CLANG_WARN_CONSTANT_CONVERSION = YES;
				CLANG_WARN_DEPRECATED_OBJC_IMPLEMENTATIONS = YES;
				CLANG_WARN_DIRECT_OBJC_ISA_USAGE = YES_ERROR;
				CLANG_WARN_DOCUMENTATION_COMMENTS = YES;
				CLANG_WARN_EMPTY_BODY = YES;
				CLANG_WARN_ENUM_CONVERSION = YES;
				CLANG_WARN_INFINITE_RECURSION = YES;
				CLANG_WARN_INT_CONVERSION = YES;
				CLANG_WARN_NON_LITERAL_NULL_CONVERSION = YES;
				CLANG_WARN_OBJC_IMPLICIT_RETAIN_SELF = YES;
				CLANG_WARN_OBJC_LITERAL_CONVERSION = YES;
				CLANG_WARN_OBJC_ROOT_CLASS = YES_ERROR;
				CLANG_WARN_RANGE_LOOP_ANALYSIS = YES;
				CLANG_WARN_STRICT_PROTOTYPES = YES;
				CLANG_WARN_SUSPICIOUS_MOVE = YES;
				CLANG_WARN_UNGUARDED_AVAILABILITY = YES_AGGRESSIVE;
				CLANG_WARN_UNREACHABLE_CODE = YES;
				CLANG_WARN__DUPLICATE_METHOD_MATCH = YES;
				CODE_SIGN_IDENTITY = "iPhone Developer";
				COPY_PHASE_STRIP = NO;
				DEBUG_INFORMATION_FORMAT = "dwarf-with-dsym";
				ENABLE_NS_ASSERTIONS = NO;
				ENABLE_STRICT_OBJC_MSGSEND = YES;
				GCC_C_LANGUAGE_STANDARD = gnu11;
				GCC_NO_COMMON_BLOCKS = YES;
				GCC_WARN_64_TO_32_BIT_CONVERSION = YES;
				GCC_WARN_ABOUT_RETURN_TYPE = YES_ERROR;
				GCC_WARN_UNDECLARED_SELECTOR = YES;
				GCC_WARN_UNINITIALIZED_AUTOS = YES_AGGRESSIVE;
				GCC_WARN_UNUSED_FUNCTION = YES;
				GCC_WARN_UNUSED_VARIABLE = YES;
				IPHONEOS_DEPLOYMENT_TARGET = 12.2;
				MTL_ENABLE_DEBUG_INFO = NO;
				MTL_FAST_MATH = YES;
				SDKROOT = iphoneos;
				SWIFT_COMPILATION_MODE = wholemodule;
				SWIFT_OPTIMIZATION_LEVEL = "-O";
				VALIDATE_PRODUCT = YES;
			};
			name = Release;
		};
		C302EFE823273B6B004BB429 /* Debug */ = {
			isa = XCBuildConfiguration;
			baseConfigurationReference = 2118EF06B80CB126D147E6D1 /* Pods-TuneCast.debug.xcconfig */;
			buildSettings = {
				ASSETCATALOG_COMPILER_APPICON_NAME = AppIcon;
				CLANG_ENABLE_MODULES = YES;
				CODE_SIGN_STYLE = Automatic;
				DEVELOPMENT_TEAM = UQB55XPTG7;
				FRAMEWORK_SEARCH_PATHS = (
					"$(inherited)",
					"$(PROJECT_DIR)/TuneCast",
					"$(PROJECT_DIR)",
				);
				INFOPLIST_FILE = TuneCast/Info.plist;
				LD_RUNPATH_SEARCH_PATHS = (
					"$(inherited)",
					"@executable_path/Frameworks",
				);
				OTHER_LDFLAGS = (
					"$(inherited)",
					"-ObjC",
					"-l\"c++\"",
					"-l\"icucore\"",
					"-l\"sqlite3\"",
					"-l\"z\"",
					"-framework",
					"\"AVFoundation\"",
					"-framework",
					"\"Accelerate\"",
					"-framework",
					"\"AlamoRecord\"",
					"-framework",
					"\"Alamofire\"",
					"-framework",
					"\"AlamofireObjectMapper\"",
					"-framework",
					"\"AssetsLibrary\"",
					"-framework",
					"\"AsyncDisplayKit\"",
					"-framework",
					"\"CFNetwork\"",
					"-framework",
					"\"CoreLocation\"",
					"-framework",
					"\"CoreMedia\"",
					"-framework",
					"\"FIRAnalyticsConnector\"",
					"-framework",
					"\"FirebaseAnalytics\"",
					"-framework",
					"\"FirebaseAuth\"",
					"-framework",
					"\"FirebaseCore\"",
					"-framework",
					"\"FirebaseCoreDiagnostics\"",
					"-framework",
					"\"FirebaseDatabase\"",
					"-framework",
					"\"FirebaseFirestore\"",
					"-framework",
					"\"FirebaseFunctions\"",
					"-framework",
					"\"FirebaseInstanceID\"",
					"-framework",
					"\"FirebaseMessaging\"",
					"-framework",
					"\"Foundation\"",
					"-framework",
					"\"GTMSessionFetcher\"",
					"-framework",
					"\"GeoFire\"",
					"-framework",
					"\"Geofirestore\"",
					"-framework",
					"\"GoogleAppMeasurement\"",
					"-framework",
					"\"GoogleUtilities\"",
					"-framework",
					"\"ImageIO\"",
					"-framework",
					"\"MapKit\"",
					"-framework",
					"\"MobileCoreServices\"",
					"-framework",
					"\"ObjectMapper\"",
					"-framework",
					"\"PINCache\"",
					"-framework",
					"\"PINOperation\"",
					"-framework",
					"\"PINRemoteImage\"",
					"-framework",
					"\"Photos\"",
					"-framework",
					"\"SafariServices\"",
					"-framework",
					"\"Security\"",
					"-framework",
					"\"Spartan\"",
					"-framework",
					"\"StoreKit\"",
					"-framework",
					"\"SwipeCellKit\"",
					"-framework",
					"\"SystemConfiguration\"",
					"-framework",
					"\"UIKit\"",
					"-framework",
					"\"grpc\"",
					"-framework",
					"\"grpcpp\"",
					"-framework",
					"\"leveldb\"",
					"-framework",
					"\"nanopb\"",
					"-framework",
					"\"openssl\"",
					"-framework",
					"\"protobuf\"",
					"-weak_framework",
					"\"UIKit\"",
					"-ObjC",
				);
				PRODUCT_BUNDLE_IDENTIFIER = com.basil.TuneCast;
				PRODUCT_NAME = "$(TARGET_NAME)";
				SWIFT_OBJC_BRIDGING_HEADER = "TuneCast/TuneCast-Bridging-Header.h";
				SWIFT_OPTIMIZATION_LEVEL = "-Onone";
				SWIFT_VERSION = 5.0;
				TARGETED_DEVICE_FAMILY = "1,2";
			};
			name = Debug;
		};
		C302EFE923273B6B004BB429 /* Release */ = {
			isa = XCBuildConfiguration;
			baseConfigurationReference = 287C4D3EAE760BB4E5D3FCEF /* Pods-TuneCast.release.xcconfig */;
			buildSettings = {
				ASSETCATALOG_COMPILER_APPICON_NAME = AppIcon;
				CLANG_ENABLE_MODULES = YES;
				CODE_SIGN_STYLE = Automatic;
				DEVELOPMENT_TEAM = UQB55XPTG7;
				FRAMEWORK_SEARCH_PATHS = (
					"$(inherited)",
					"$(PROJECT_DIR)/TuneCast",
					"$(PROJECT_DIR)",
				);
				INFOPLIST_FILE = TuneCast/Info.plist;
				LD_RUNPATH_SEARCH_PATHS = (
					"$(inherited)",
					"@executable_path/Frameworks",
				);
				OTHER_LDFLAGS = (
					"$(inherited)",
					"-ObjC",
					"-l\"c++\"",
					"-l\"icucore\"",
					"-l\"sqlite3\"",
					"-l\"z\"",
					"-framework",
					"\"AVFoundation\"",
					"-framework",
					"\"Accelerate\"",
					"-framework",
					"\"AlamoRecord\"",
					"-framework",
					"\"Alamofire\"",
					"-framework",
					"\"AlamofireObjectMapper\"",
					"-framework",
					"\"AssetsLibrary\"",
					"-framework",
					"\"AsyncDisplayKit\"",
					"-framework",
					"\"CFNetwork\"",
					"-framework",
					"\"CoreLocation\"",
					"-framework",
					"\"CoreMedia\"",
					"-framework",
					"\"FIRAnalyticsConnector\"",
					"-framework",
					"\"FirebaseAnalytics\"",
					"-framework",
					"\"FirebaseAuth\"",
					"-framework",
					"\"FirebaseCore\"",
					"-framework",
					"\"FirebaseCoreDiagnostics\"",
					"-framework",
					"\"FirebaseDatabase\"",
					"-framework",
					"\"FirebaseFirestore\"",
					"-framework",
					"\"FirebaseFunctions\"",
					"-framework",
					"\"FirebaseInstanceID\"",
					"-framework",
					"\"FirebaseMessaging\"",
					"-framework",
					"\"Foundation\"",
					"-framework",
					"\"GTMSessionFetcher\"",
					"-framework",
					"\"GeoFire\"",
					"-framework",
					"\"Geofirestore\"",
					"-framework",
					"\"GoogleAppMeasurement\"",
					"-framework",
					"\"GoogleUtilities\"",
					"-framework",
					"\"ImageIO\"",
					"-framework",
					"\"MapKit\"",
					"-framework",
					"\"MobileCoreServices\"",
					"-framework",
					"\"ObjectMapper\"",
					"-framework",
					"\"PINCache\"",
					"-framework",
					"\"PINOperation\"",
					"-framework",
					"\"PINRemoteImage\"",
					"-framework",
					"\"Photos\"",
					"-framework",
					"\"SafariServices\"",
					"-framework",
					"\"Security\"",
					"-framework",
					"\"Spartan\"",
					"-framework",
					"\"StoreKit\"",
					"-framework",
					"\"SwipeCellKit\"",
					"-framework",
					"\"SystemConfiguration\"",
					"-framework",
					"\"UIKit\"",
					"-framework",
					"\"grpc\"",
					"-framework",
					"\"grpcpp\"",
					"-framework",
					"\"leveldb\"",
					"-framework",
					"\"nanopb\"",
					"-framework",
					"\"openssl\"",
					"-framework",
					"\"protobuf\"",
					"-weak_framework",
					"\"UIKit\"",
					"-ObjC",
				);
				PRODUCT_BUNDLE_IDENTIFIER = com.basil.TuneCast;
				PRODUCT_NAME = "$(TARGET_NAME)";
				SWIFT_OBJC_BRIDGING_HEADER = "TuneCast/TuneCast-Bridging-Header.h";
				SWIFT_VERSION = 5.0;
				TARGETED_DEVICE_FAMILY = "1,2";
			};
			name = Release;
		};
		C302EFEB23273B6B004BB429 /* Debug */ = {
			isa = XCBuildConfiguration;
			buildSettings = {
				ALWAYS_EMBED_SWIFT_STANDARD_LIBRARIES = YES;
				BUNDLE_LOADER = "$(TEST_HOST)";
				CODE_SIGN_STYLE = Automatic;
				DEVELOPMENT_TEAM = UQB55XPTG7;
				INFOPLIST_FILE = TuneCastTests/Info.plist;
				LD_RUNPATH_SEARCH_PATHS = (
					"$(inherited)",
					"@executable_path/Frameworks",
					"@loader_path/Frameworks",
				);
				PRODUCT_BUNDLE_IDENTIFIER = com.basil.TuneCastTests;
				PRODUCT_NAME = "$(TARGET_NAME)";
				SWIFT_VERSION = 5.0;
				TARGETED_DEVICE_FAMILY = "1,2";
				TEST_HOST = "$(BUILT_PRODUCTS_DIR)/TuneCast.app/TuneCast";
			};
			name = Debug;
		};
		C302EFEC23273B6B004BB429 /* Release */ = {
			isa = XCBuildConfiguration;
			buildSettings = {
				ALWAYS_EMBED_SWIFT_STANDARD_LIBRARIES = YES;
				BUNDLE_LOADER = "$(TEST_HOST)";
				CODE_SIGN_STYLE = Automatic;
				DEVELOPMENT_TEAM = UQB55XPTG7;
				INFOPLIST_FILE = TuneCastTests/Info.plist;
				LD_RUNPATH_SEARCH_PATHS = (
					"$(inherited)",
					"@executable_path/Frameworks",
					"@loader_path/Frameworks",
				);
				PRODUCT_BUNDLE_IDENTIFIER = com.basil.TuneCastTests;
				PRODUCT_NAME = "$(TARGET_NAME)";
				SWIFT_VERSION = 5.0;
				TARGETED_DEVICE_FAMILY = "1,2";
				TEST_HOST = "$(BUILT_PRODUCTS_DIR)/TuneCast.app/TuneCast";
			};
			name = Release;
		};
		C302EFEE23273B6B004BB429 /* Debug */ = {
			isa = XCBuildConfiguration;
			buildSettings = {
				ALWAYS_EMBED_SWIFT_STANDARD_LIBRARIES = YES;
				CODE_SIGN_STYLE = Automatic;
				DEVELOPMENT_TEAM = UQB55XPTG7;
				INFOPLIST_FILE = TuneCastUITests/Info.plist;
				LD_RUNPATH_SEARCH_PATHS = (
					"$(inherited)",
					"@executable_path/Frameworks",
					"@loader_path/Frameworks",
				);
				PRODUCT_BUNDLE_IDENTIFIER = com.basil.TuneCastUITests;
				PRODUCT_NAME = "$(TARGET_NAME)";
				SWIFT_VERSION = 5.0;
				TARGETED_DEVICE_FAMILY = "1,2";
				TEST_TARGET_NAME = TuneCast;
			};
			name = Debug;
		};
		C302EFEF23273B6B004BB429 /* Release */ = {
			isa = XCBuildConfiguration;
			buildSettings = {
				ALWAYS_EMBED_SWIFT_STANDARD_LIBRARIES = YES;
				CODE_SIGN_STYLE = Automatic;
				DEVELOPMENT_TEAM = UQB55XPTG7;
				INFOPLIST_FILE = TuneCastUITests/Info.plist;
				LD_RUNPATH_SEARCH_PATHS = (
					"$(inherited)",
					"@executable_path/Frameworks",
					"@loader_path/Frameworks",
				);
				PRODUCT_BUNDLE_IDENTIFIER = com.basil.TuneCastUITests;
				PRODUCT_NAME = "$(TARGET_NAME)";
				SWIFT_VERSION = 5.0;
				TARGETED_DEVICE_FAMILY = "1,2";
				TEST_TARGET_NAME = TuneCast;
			};
			name = Release;
		};
/* End XCBuildConfiguration section */

/* Begin XCConfigurationList section */
		C302EFB723273B6A004BB429 /* Build configuration list for PBXProject "TuneCast" */ = {
			isa = XCConfigurationList;
			buildConfigurations = (
				C302EFE523273B6B004BB429 /* Debug */,
				C302EFE623273B6B004BB429 /* Release */,
			);
			defaultConfigurationIsVisible = 0;
			defaultConfigurationName = Release;
		};
		C302EFE723273B6B004BB429 /* Build configuration list for PBXNativeTarget "TuneCast" */ = {
			isa = XCConfigurationList;
			buildConfigurations = (
				C302EFE823273B6B004BB429 /* Debug */,
				C302EFE923273B6B004BB429 /* Release */,
			);
			defaultConfigurationIsVisible = 0;
			defaultConfigurationName = Release;
		};
		C302EFEA23273B6B004BB429 /* Build configuration list for PBXNativeTarget "TuneCastTests" */ = {
			isa = XCConfigurationList;
			buildConfigurations = (
				C302EFEB23273B6B004BB429 /* Debug */,
				C302EFEC23273B6B004BB429 /* Release */,
			);
			defaultConfigurationIsVisible = 0;
			defaultConfigurationName = Release;
		};
		C302EFED23273B6B004BB429 /* Build configuration list for PBXNativeTarget "TuneCastUITests" */ = {
			isa = XCConfigurationList;
			buildConfigurations = (
				C302EFEE23273B6B004BB429 /* Debug */,
				C302EFEF23273B6B004BB429 /* Release */,
			);
			defaultConfigurationIsVisible = 0;
			defaultConfigurationName = Release;
		};
/* End XCConfigurationList section */

/* Begin XCVersionGroup section */
		C302EFC623273B6A004BB429 /* TuneCast.xcdatamodeld */ = {
			isa = XCVersionGroup;
			children = (
				C302EFC723273B6A004BB429 /* TuneCast.xcdatamodel */,
			);
			currentVersion = C302EFC723273B6A004BB429 /* TuneCast.xcdatamodel */;
			path = TuneCast.xcdatamodeld;
			sourceTree = "<group>";
			versionGroupType = wrapper.xcdatamodel;
		};
/* End XCVersionGroup section */
	};
	rootObject = C302EFB423273B6A004BB429 /* Project object */;
}
